
Microsoft Visual Studio Solution File, Format Version 12.00
# Visual Studio Version 17
VisualStudioVersion = 17.0.31903.59
MinimumVisualStudioVersion = 10.0.40219.1
Project("{FAE04EC0-301F-11D3-BF4B-00C04F79EFBC}") = "VL.Waves.Audio", "VL.Waves.Audio\VL.Waves.Audio.csproj", "{24506ED0-AC38-49C9-A757-7213840EBCA3}"
EndProject
Global
	GlobalSection(SolutionConfigurationPlatforms) = preSolution
		Debug|Any CPU = Debug|Any CPU
		Release|Any CPU = Release|Any CPU
	EndGlobalSection
	GlobalSection(ProjectConfigurationPlatforms) = postSolution
		{24506ED0-AC38-49C9-A757-7213840EBCA3}.Debug|Any CPU.ActiveCfg = Debug|Any CPU
		{24506ED0-AC38-49C9-A757-7213840EBCA3}.Debug|Any CPU.Build.0 = Debug|Any CPU
		{24506ED0-AC38-49C9-A757-7213840EBCA3}.Release|Any CPU.ActiveCfg = Release|Any CPU
		{24506ED0-AC38-49C9-A757-7213840EBCA3}.Release|Any CPU.Build.0 = Release|Any CPU
	EndGlobalSection
	GlobalSection(SolutionProperties) = preSolution
		HideSolutionNode = FALSE
	EndGlobalSection
	GlobalSection(ExtensibilityGlobals) = postSolution
		SolutionGuid = {3A8DBD4A-84AF-429B-98C8-F67BA5876E38}
	EndGlobalSection
EndGlobal
